<?xml version="1.0" encoding="utf-8"?>
<Project ToolsVersion="4.0" xmlns="http://schemas.microsoft.com/developer/msbuild/2003">
  <ItemGroup>
    <Filter Include="소스 파일">
      <UniqueIdentifier>{4FC737F1-C7A5-4376-A066-2A32D752A2FF}</UniqueIdentifier>
      <Extensions>cpp;c;cc;cxx;c++;cppm;ixx;def;odl;idl;hpj;bat;asm;asmx</Extensions>
    </Filter>
    <Filter Include="헤더 파일">
      <UniqueIdentifier>{93995380-89BD-4b04-88EB-625FBE52EBFB}</UniqueIdentifier>
      <Extensions>h;hh;hpp;hxx;h++;hm;inl;inc;ipp;xsd</Extensions>
    </Filter>
    <Filter Include="리소스 파일">
      <UniqueIdentifier>{67DA6AB6-F800-4c08-8B7A-83BB121AAD01}</UniqueIdentifier>
      <Extensions>rc;ico;cur;bmp;dlg;rc2;rct;bin;rgs;gif;jpg;jpeg;jpe;resx;tiff;tif;png;wav;mfcribbon-ms</Extensions>
    </Filter>
  </ItemGroup>
  <ItemGroup>
    <ClInclude Include="struct.h">
      <Filter>헤더 파일</Filter>
    </ClInclude>
    <ClInclude Include="show_placeList.h">
      <Filter>헤더 파일</Filter>
    </ClInclude>
    <ClInclude Include="show_error_message.h">
      <Filter>헤더 파일</Filter>
    </ClInclude>
    <ClInclude Include="manage_project.h">
      <Filter>헤더 파일</Filter>
    </ClInclude>
    <ClInclude Include="input_placeInfo.h">
      <Filter>헤더 파일</Filter>
    </ClInclude>
    <ClInclude Include="input_userActivity.h">
      <Filter>헤더 파일</Filter>
    </ClInclude>
    <ClInclude Include="modify_placeInfo.h">
      <Filter>헤더 파일</Filter>
    </ClInclude>
    <ClInclude Include="remove_placeInfo.h">
      <Filter>헤더 파일</Filter>
    </ClInclude>
  </ItemGroup>
  <ItemGroup>
    <ClCompile Include="show_placeList.cpp">
      <Filter>소스 파일</Filter>
    </ClCompile>
    <ClCompile Include="show_error_message.cpp">
      <Filter>소스 파일</Filter>
    </ClCompile>
    <ClCompile Include="manage_project.cpp">
      <Filter>소스 파일</Filter>
    </ClCompile>
    <ClCompile Include="main.cpp">
      <Filter>소스 파일</Filter>
    </ClCompile>
    <ClCompile Include="input_placeInfo.cpp">
      <Filter>소스 파일</Filter>
    </ClCompile>
    <ClCompile Include="input_userActivity.cpp">
      <Filter>소스 파일</Filter>
    </ClCompile>
    <ClCompile Include="modify_placeInfo.cpp">
      <Filter>소스 파일</Filter>
    </ClCompile>
    <ClCompile Include="remove_placeInfo.cpp">
      <Filter>소스 파일</Filter>
    </ClCompile>
  </ItemGroup>
  <ItemGroup>
    <Text Include="placeData.txt">
      <Filter>소스 파일</Filter>
    </Text>
  </ItemGroup>
</Project>